// !$*UTF8*$!
{
	archiveVersion = 1;
	classes = {
	};
	objectVersion = 46;
	objects = {

/* Begin PBXBuildFile section */
		FC11BBFA190E8C9000C2D7CF /* Accelerate.framework in Frameworks */ = {isa = PBXBuildFile; fileRef = FC11BBF9190E8C9000C2D7CF /* Accelerate.framework */; };
		FC1A3A3618DB2875004E4C38 /* CPCollageViewControllerTests.m in Sources */ = {isa = PBXBuildFile; fileRef = FC1A3A3518DB2875004E4C38 /* CPCollageViewControllerTests.m */; };
		FC2B287518CC6A960050AD08 /* CPTransitionManager.m in Sources */ = {isa = PBXBuildFile; fileRef = FC2B287418CC6A960050AD08 /* CPTransitionManager.m */; };
		FC2B287818CC6C300050AD08 /* CPCollageToEditTransition.m in Sources */ = {isa = PBXBuildFile; fileRef = FC2B287718CC6C300050AD08 /* CPCollageToEditTransition.m */; };
		FC46714018C2CAF600E472BF /* Foundation.framework in Frameworks */ = {isa = PBXBuildFile; fileRef = FC46713F18C2CAF600E472BF /* Foundation.framework */; };
		FC46714218C2CAF600E472BF /* CoreGraphics.framework in Frameworks */ = {isa = PBXBuildFile; fileRef = FC46714118C2CAF600E472BF /* CoreGraphics.framework */; };
		FC46714418C2CAF600E472BF /* UIKit.framework in Frameworks */ = {isa = PBXBuildFile; fileRef = FC46714318C2CAF600E472BF /* UIKit.framework */; };
		FC46714A18C2CAF600E472BF /* InfoPlist.strings in Resources */ = {isa = PBXBuildFile; fileRef = FC46714818C2CAF600E472BF /* InfoPlist.strings */; };
		FC46714C18C2CAF600E472BF /* main.m in Sources */ = {isa = PBXBuildFile; fileRef = FC46714B18C2CAF600E472BF /* main.m */; };
		FC46715018C2CAF600E472BF /* CPAppDelegate.m in Sources */ = {isa = PBXBuildFile; fileRef = FC46714F18C2CAF600E472BF /* CPAppDelegate.m */; };
		FC46715318C2CAF600E472BF /* SmileyCollage.storyboard in Resources */ = {isa = PBXBuildFile; fileRef = FC46715118C2CAF600E472BF /* SmileyCollage.storyboard */; };
		FC46715B18C2CAF600E472BF /* Images.xcassets in Resources */ = {isa = PBXBuildFile; fileRef = FC46715A18C2CAF600E472BF /* Images.xcassets */; };
		FC46716218C2CAF600E472BF /* XCTest.framework in Frameworks */ = {isa = PBXBuildFile; fileRef = FC46716118C2CAF600E472BF /* XCTest.framework */; };
		FC46716318C2CAF600E472BF /* Foundation.framework in Frameworks */ = {isa = PBXBuildFile; fileRef = FC46713F18C2CAF600E472BF /* Foundation.framework */; };
		FC46716418C2CAF600E472BF /* UIKit.framework in Frameworks */ = {isa = PBXBuildFile; fileRef = FC46714318C2CAF600E472BF /* UIKit.framework */; };
		FC46716C18C2CAF600E472BF /* InfoPlist.strings in Resources */ = {isa = PBXBuildFile; fileRef = FC46716A18C2CAF600E472BF /* InfoPlist.strings */; };
		FC56D67D1917C55100E4AC15 /* StoreKit.framework in Frameworks */ = {isa = PBXBuildFile; fileRef = FC56D67C1917C55100E4AC15 /* StoreKit.framework */; };
		FC56ED3918E6C49700DFE80C /* CPConfig.m in Sources */ = {isa = PBXBuildFile; fileRef = FC56ED3818E6C49700DFE80C /* CPConfig.m */; };
		FC5704C518F42C6900E373C6 /* CPPortalTransition.m in Sources */ = {isa = PBXBuildFile; fileRef = FC5704C418F42C6900E373C6 /* CPPortalTransition.m */; };
		FC5704C818F42CE600E373C6 /* CPReversableTransition.m in Sources */ = {isa = PBXBuildFile; fileRef = FC5704C718F42CE600E373C6 /* CPReversableTransition.m */; };
		FC58103218DDD06100B6BE03 /* CPFaceEditInformation.m in Sources */ = {isa = PBXBuildFile; fileRef = FC58103118DDD06100B6BE03 /* CPFaceEditInformation.m */; };
		FC5E8F6218E45DA20012EB59 /* CPCleanupOperation.m in Sources */ = {isa = PBXBuildFile; fileRef = FC5E8F6118E45DA20012EB59 /* CPCleanupOperation.m */; };
		FC60EBCC18E1BD8E00AD74FB /* CPCoreDataOperation.m in Sources */ = {isa = PBXBuildFile; fileRef = FC60EBCB18E1BD8E00AD74FB /* CPCoreDataOperation.m */; };
		FC60EBCF18E1C10B00AD74FB /* CPFaceDetectOperation.m in Sources */ = {isa = PBXBuildFile; fileRef = FC60EBCE18E1C10B00AD74FB /* CPFaceDetectOperation.m */; };
		FC61A46D18DD94A3009D9442 /* CPCollageCell.m in Sources */ = {isa = PBXBuildFile; fileRef = FC61A46C18DD94A3009D9442 /* CPCollageCell.m */; };
		FC77E731190BF29F00FC0BBB /* CPShopViewControllerTransition.m in Sources */ = {isa = PBXBuildFile; fileRef = FC77E730190BF29F00FC0BBB /* CPShopViewControllerTransition.m */; };
		FC782A8C18E304B10024C477 /* CPUtility.m in Sources */ = {isa = PBXBuildFile; fileRef = FC782A8B18E304B10024C477 /* CPUtility.m */; };
		FC78E36118FAD42400CD0F07 /* CPPhotoTests.m in Sources */ = {isa = PBXBuildFile; fileRef = FC78E36018FAD42400CD0F07 /* CPPhotoTests.m */; };
		FC78E36218FAD4D000CD0F07 /* CPUtility.m in Sources */ = {isa = PBXBuildFile; fileRef = FC782A8B18E304B10024C477 /* CPUtility.m */; };
		FC80A0C8190158D7003B278E /* CPHelpViewManager.m in Sources */ = {isa = PBXBuildFile; fileRef = FC80A0C7190158D7003B278E /* CPHelpViewManager.m */; };
		FC80EC6418C9F5D2008E83B6 /* CPCollageViewController.m in Sources */ = {isa = PBXBuildFile; fileRef = FC80EC6318C9F5D2008E83B6 /* CPCollageViewController.m */; };
		FC80EC6A18C9FD7B008E83B6 /* CPEditViewController.m in Sources */ = {isa = PBXBuildFile; fileRef = FC80EC6918C9FD7B008E83B6 /* CPEditViewController.m */; };
		FC8BCA1018D424F000748335 /* CoreData.framework in Frameworks */ = {isa = PBXBuildFile; fileRef = FC8BCA0F18D424F000748335 /* CoreData.framework */; };
		FC8BCA1318D4256900748335 /* SmileyCollage.xcdatamodeld in Sources */ = {isa = PBXBuildFile; fileRef = FC8BCA1118D4256900748335 /* SmileyCollage.xcdatamodeld */; };
		FC8BCA1618D42E4100748335 /* CPFace.m in Sources */ = {isa = PBXBuildFile; fileRef = FC8BCA1518D42E4100748335 /* CPFace.m */; };
		FC8BCA1918D42E4100748335 /* CPPhoto.m in Sources */ = {isa = PBXBuildFile; fileRef = FC8BCA1818D42E4100748335 /* CPPhoto.m */; };
		FC91B5B5190B7BB000FD8D05 /* CPShopViewController.m in Sources */ = {isa = PBXBuildFile; fileRef = FC91B5B4190B7BB000FD8D05 /* CPShopViewController.m */; };
		FC91B5B8190BB55900FD8D05 /* CPNavigationController.m in Sources */ = {isa = PBXBuildFile; fileRef = FC91B5B7190BB55900FD8D05 /* CPNavigationController.m */; };
		FC92759C18F58CF700031FD0 /* ImageIO.framework in Frameworks */ = {isa = PBXBuildFile; fileRef = FC92759B18F58CF700031FD0 /* ImageIO.framework */; };
		FC93443918C363F500657BBC /* CPFacesManager.m in Sources */ = {isa = PBXBuildFile; fileRef = FC93443818C363F500657BBC /* CPFacesManager.m */; };
		FC94BD3C190FDD8900E46629 /* CPTouchableView.m in Sources */ = {isa = PBXBuildFile; fileRef = FC94BD3B190FDD8900E46629 /* CPTouchableView.m */; };
		FCA292E718FD64AB0029583E /* CPCoreDataTestHelper.m in Sources */ = {isa = PBXBuildFile; fileRef = FCA292E618FD64AB0029583E /* CPCoreDataTestHelper.m */; };
		FCA292E918FD664A0029583E /* CPFaceTests.m in Sources */ = {isa = PBXBuildFile; fileRef = FCA292E818FD664A0029583E /* CPFaceTests.m */; };
		FCC2E58C18F2392000D7163F /* CPCollageViewController.m in Sources */ = {isa = PBXBuildFile; fileRef = FC80EC6318C9F5D2008E83B6 /* CPCollageViewController.m */; };
		FCC2E58D18F2392600D7163F /* CPFaceEditInformation.m in Sources */ = {isa = PBXBuildFile; fileRef = FC58103118DDD06100B6BE03 /* CPFaceEditInformation.m */; };
		FCC2E59518F244AF00D7163F /* CPSettingTests.m in Sources */ = {isa = PBXBuildFile; fileRef = FCC2E59418F244AF00D7163F /* CPSettingTests.m */; };
		FCC2E59918F246EB00D7163F /* CPSettings.m in Sources */ = {isa = PBXBuildFile; fileRef = FCC2E59818F246EB00D7163F /* CPSettings.m */; };
		FCC2E59A18F2471500D7163F /* CPSettings.m in Sources */ = {isa = PBXBuildFile; fileRef = FCC2E59818F246EB00D7163F /* CPSettings.m */; };
		FCC3C7F6191DF675005E9320 /* CPPopoverShopViewController.m in Sources */ = {isa = PBXBuildFile; fileRef = FCC3C7F5191DF675005E9320 /* CPPopoverShopViewController.m */; };
		FCC3C7FA191E0037005E9320 /* CPShopTableViewManager.m in Sources */ = {isa = PBXBuildFile; fileRef = FCC3C7F9191E0037005E9320 /* CPShopTableViewManager.m */; };
		FCD844C418C761C3003BA834 /* CoreImage.framework in Frameworks */ = {isa = PBXBuildFile; fileRef = FCD844C318C761C3003BA834 /* CoreImage.framework */; };
		FCF8FE9618C2D016007FA358 /* CPSmileyViewController.m in Sources */ = {isa = PBXBuildFile; fileRef = FCF8FE9518C2D016007FA358 /* CPSmileyViewController.m */; };
		FCF8FE9B18C2E09A007FA358 /* CPPhotoCell.m in Sources */ = {isa = PBXBuildFile; fileRef = FCF8FE9A18C2E09A007FA358 /* CPPhotoCell.m */; };
		FCF8FE9C18C2E2B9007FA358 /* AssetsLibrary.framework in Frameworks */ = {isa = PBXBuildFile; fileRef = FCF8FE9718C2D542007FA358 /* AssetsLibrary.framework */; };
/* End PBXBuildFile section */

/* Begin PBXContainerItemProxy section */
		FC46716518C2CAF600E472BF /* PBXContainerItemProxy */ = {
			isa = PBXContainerItemProxy;
			containerPortal = FC46713418C2CAF600E472BF /* Project object */;
			proxyType = 1;
			remoteGlobalIDString = FC46713B18C2CAF600E472BF;
			remoteInfo = Smiley;
		};
/* End PBXContainerItemProxy section */

/* Begin PBXFileReference section */
		FC11BBF9190E8C9000C2D7CF /* Accelerate.framework */ = {isa = PBXFileReference; lastKnownFileType = wrapper.framework; name = Accelerate.framework; path = System/Library/Frameworks/Accelerate.framework; sourceTree = SDKROOT; };
		FC1A3A3518DB2875004E4C38 /* CPCollageViewControllerTests.m */ = {isa = PBXFileReference; fileEncoding = 4; lastKnownFileType = sourcecode.c.objc; path = CPCollageViewControllerTests.m; sourceTree = "<group>"; };
		FC2B287318CC6A960050AD08 /* CPTransitionManager.h */ = {isa = PBXFileReference; fileEncoding = 4; lastKnownFileType = sourcecode.c.h; path = CPTransitionManager.h; sourceTree = "<group>"; };
		FC2B287418CC6A960050AD08 /* CPTransitionManager.m */ = {isa = PBXFileReference; fileEncoding = 4; lastKnownFileType = sourcecode.c.objc; path = CPTransitionManager.m; sourceTree = "<group>"; };
		FC2B287618CC6C300050AD08 /* CPCollageToEditTransition.h */ = {isa = PBXFileReference; fileEncoding = 4; lastKnownFileType = sourcecode.c.h; path = CPCollageToEditTransition.h; sourceTree = "<group>"; };
		FC2B287718CC6C300050AD08 /* CPCollageToEditTransition.m */ = {isa = PBXFileReference; fileEncoding = 4; lastKnownFileType = sourcecode.c.objc; path = CPCollageToEditTransition.m; sourceTree = "<group>"; };
		FC46713C18C2CAF600E472BF /* SmileyCollage.app */ = {isa = PBXFileReference; explicitFileType = wrapper.application; includeInIndex = 0; path = SmileyCollage.app; sourceTree = BUILT_PRODUCTS_DIR; };
		FC46713F18C2CAF600E472BF /* Foundation.framework */ = {isa = PBXFileReference; lastKnownFileType = wrapper.framework; name = Foundation.framework; path = System/Library/Frameworks/Foundation.framework; sourceTree = SDKROOT; };
		FC46714118C2CAF600E472BF /* CoreGraphics.framework */ = {isa = PBXFileReference; lastKnownFileType = wrapper.framework; name = CoreGraphics.framework; path = System/Library/Frameworks/CoreGraphics.framework; sourceTree = SDKROOT; };
		FC46714318C2CAF600E472BF /* UIKit.framework */ = {isa = PBXFileReference; lastKnownFileType = wrapper.framework; name = UIKit.framework; path = System/Library/Frameworks/UIKit.framework; sourceTree = SDKROOT; };
		FC46714718C2CAF600E472BF /* SmileyCollage-Info.plist */ = {isa = PBXFileReference; lastKnownFileType = text.plist.xml; path = "SmileyCollage-Info.plist"; sourceTree = "<group>"; };
		FC46714918C2CAF600E472BF /* en */ = {isa = PBXFileReference; lastKnownFileType = text.plist.strings; name = en; path = en.lproj/InfoPlist.strings; sourceTree = "<group>"; };
		FC46714B18C2CAF600E472BF /* main.m */ = {isa = PBXFileReference; lastKnownFileType = sourcecode.c.objc; path = main.m; sourceTree = "<group>"; };
		FC46714D18C2CAF600E472BF /* SmileyCollage-Prefix.pch */ = {isa = PBXFileReference; lastKnownFileType = sourcecode.c.h; path = "SmileyCollage-Prefix.pch"; sourceTree = "<group>"; };
		FC46714E18C2CAF600E472BF /* CPAppDelegate.h */ = {isa = PBXFileReference; lastKnownFileType = sourcecode.c.h; path = CPAppDelegate.h; sourceTree = "<group>"; };
		FC46714F18C2CAF600E472BF /* CPAppDelegate.m */ = {isa = PBXFileReference; lastKnownFileType = sourcecode.c.objc; path = CPAppDelegate.m; sourceTree = "<group>"; };
		FC46715218C2CAF600E472BF /* Base */ = {isa = PBXFileReference; lastKnownFileType = file.storyboard; name = Base; path = Base.lproj/SmileyCollage.storyboard; sourceTree = "<group>"; };
		FC46715A18C2CAF600E472BF /* Images.xcassets */ = {isa = PBXFileReference; lastKnownFileType = folder.assetcatalog; path = Images.xcassets; sourceTree = "<group>"; };
		FC46716018C2CAF600E472BF /* SmileyCollageTests.xctest */ = {isa = PBXFileReference; explicitFileType = wrapper.cfbundle; includeInIndex = 0; path = SmileyCollageTests.xctest; sourceTree = BUILT_PRODUCTS_DIR; };
		FC46716118C2CAF600E472BF /* XCTest.framework */ = {isa = PBXFileReference; lastKnownFileType = wrapper.framework; name = XCTest.framework; path = Library/Frameworks/XCTest.framework; sourceTree = DEVELOPER_DIR; };
		FC46716918C2CAF600E472BF /* SmileyCollageTests-Info.plist */ = {isa = PBXFileReference; lastKnownFileType = text.plist.xml; path = "SmileyCollageTests-Info.plist"; sourceTree = "<group>"; };
		FC46716B18C2CAF600E472BF /* en */ = {isa = PBXFileReference; lastKnownFileType = text.plist.strings; name = en; path = en.lproj/InfoPlist.strings; sourceTree = "<group>"; };
		FC56D67C1917C55100E4AC15 /* StoreKit.framework */ = {isa = PBXFileReference; lastKnownFileType = wrapper.framework; name = StoreKit.framework; path = System/Library/Frameworks/StoreKit.framework; sourceTree = SDKROOT; };
		FC56ED3718E6C49700DFE80C /* CPConfig.h */ = {isa = PBXFileReference; fileEncoding = 4; lastKnownFileType = sourcecode.c.h; path = CPConfig.h; sourceTree = "<group>"; };
		FC56ED3818E6C49700DFE80C /* CPConfig.m */ = {isa = PBXFileReference; fileEncoding = 4; lastKnownFileType = sourcecode.c.objc; path = CPConfig.m; sourceTree = "<group>"; };
		FC5704C318F42C6900E373C6 /* CPPortalTransition.h */ = {isa = PBXFileReference; fileEncoding = 4; lastKnownFileType = sourcecode.c.h; path = CPPortalTransition.h; sourceTree = "<group>"; };
		FC5704C418F42C6900E373C6 /* CPPortalTransition.m */ = {isa = PBXFileReference; fileEncoding = 4; lastKnownFileType = sourcecode.c.objc; path = CPPortalTransition.m; sourceTree = "<group>"; };
		FC5704C618F42CE600E373C6 /* CPReversableTransition.h */ = {isa = PBXFileReference; fileEncoding = 4; lastKnownFileType = sourcecode.c.h; path = CPReversableTransition.h; sourceTree = "<group>"; };
		FC5704C718F42CE600E373C6 /* CPReversableTransition.m */ = {isa = PBXFileReference; fileEncoding = 4; lastKnownFileType = sourcecode.c.objc; path = CPReversableTransition.m; sourceTree = "<group>"; };
		FC58103018DDD06100B6BE03 /* CPFaceEditInformation.h */ = {isa = PBXFileReference; fileEncoding = 4; lastKnownFileType = sourcecode.c.h; path = CPFaceEditInformation.h; sourceTree = "<group>"; };
		FC58103118DDD06100B6BE03 /* CPFaceEditInformation.m */ = {isa = PBXFileReference; fileEncoding = 4; lastKnownFileType = sourcecode.c.objc; path = CPFaceEditInformation.m; sourceTree = "<group>"; };
		FC5E8F6018E45DA20012EB59 /* CPCleanupOperation.h */ = {isa = PBXFileReference; fileEncoding = 4; lastKnownFileType = sourcecode.c.h; path = CPCleanupOperation.h; sourceTree = "<group>"; };
		FC5E8F6118E45DA20012EB59 /* CPCleanupOperation.m */ = {isa = PBXFileReference; fileEncoding = 4; lastKnownFileType = sourcecode.c.objc; path = CPCleanupOperation.m; sourceTree = "<group>"; };
		FC60EBCA18E1BD8E00AD74FB /* CPCoreDataOperation.h */ = {isa = PBXFileReference; fileEncoding = 4; lastKnownFileType = sourcecode.c.h; path = CPCoreDataOperation.h; sourceTree = "<group>"; };
		FC60EBCB18E1BD8E00AD74FB /* CPCoreDataOperation.m */ = {isa = PBXFileReference; fileEncoding = 4; lastKnownFileType = sourcecode.c.objc; path = CPCoreDataOperation.m; sourceTree = "<group>"; };
		FC60EBCD18E1C10B00AD74FB /* CPFaceDetectOperation.h */ = {isa = PBXFileReference; fileEncoding = 4; lastKnownFileType = sourcecode.c.h; path = CPFaceDetectOperation.h; sourceTree = "<group>"; };
		FC60EBCE18E1C10B00AD74FB /* CPFaceDetectOperation.m */ = {isa = PBXFileReference; fileEncoding = 4; lastKnownFileType = sourcecode.c.objc; path = CPFaceDetectOperation.m; sourceTree = "<group>"; };
		FC61A46B18DD94A3009D9442 /* CPCollageCell.h */ = {isa = PBXFileReference; fileEncoding = 4; lastKnownFileType = sourcecode.c.h; path = CPCollageCell.h; sourceTree = "<group>"; };
		FC61A46C18DD94A3009D9442 /* CPCollageCell.m */ = {isa = PBXFileReference; fileEncoding = 4; lastKnownFileType = sourcecode.c.objc; path = CPCollageCell.m; sourceTree = "<group>"; };
		FC77E72F190BF29F00FC0BBB /* CPShopViewControllerTransition.h */ = {isa = PBXFileReference; fileEncoding = 4; lastKnownFileType = sourcecode.c.h; path = CPShopViewControllerTransition.h; sourceTree = "<group>"; };
		FC77E730190BF29F00FC0BBB /* CPShopViewControllerTransition.m */ = {isa = PBXFileReference; fileEncoding = 4; lastKnownFileType = sourcecode.c.objc; path = CPShopViewControllerTransition.m; sourceTree = "<group>"; };
		FC782A8A18E304B10024C477 /* CPUtility.h */ = {isa = PBXFileReference; fileEncoding = 4; lastKnownFileType = sourcecode.c.h; path = CPUtility.h; sourceTree = "<group>"; };
		FC782A8B18E304B10024C477 /* CPUtility.m */ = {isa = PBXFileReference; fileEncoding = 4; lastKnownFileType = sourcecode.c.objc; path = CPUtility.m; sourceTree = "<group>"; };
		FC78E36018FAD42400CD0F07 /* CPPhotoTests.m */ = {isa = PBXFileReference; fileEncoding = 4; lastKnownFileType = sourcecode.c.objc; path = CPPhotoTests.m; sourceTree = "<group>"; };
		FC80A0C6190158D7003B278E /* CPHelpViewManager.h */ = {isa = PBXFileReference; fileEncoding = 4; lastKnownFileType = sourcecode.c.h; path = CPHelpViewManager.h; sourceTree = "<group>"; };
		FC80A0C7190158D7003B278E /* CPHelpViewManager.m */ = {isa = PBXFileReference; fileEncoding = 4; lastKnownFileType = sourcecode.c.objc; path = CPHelpViewManager.m; sourceTree = "<group>"; };
		FC80EC6218C9F5D2008E83B6 /* CPCollageViewController.h */ = {isa = PBXFileReference; fileEncoding = 4; lastKnownFileType = sourcecode.c.h; path = CPCollageViewController.h; sourceTree = "<group>"; };
		FC80EC6318C9F5D2008E83B6 /* CPCollageViewController.m */ = {isa = PBXFileReference; fileEncoding = 4; lastKnownFileType = sourcecode.c.objc; path = CPCollageViewController.m; sourceTree = "<group>"; };
		FC80EC6818C9FD7B008E83B6 /* CPEditViewController.h */ = {isa = PBXFileReference; fileEncoding = 4; lastKnownFileType = sourcecode.c.h; path = CPEditViewController.h; sourceTree = "<group>"; };
		FC80EC6918C9FD7B008E83B6 /* CPEditViewController.m */ = {isa = PBXFileReference; fileEncoding = 4; lastKnownFileType = sourcecode.c.objc; path = CPEditViewController.m; sourceTree = "<group>"; };
		FC8BCA0F18D424F000748335 /* CoreData.framework */ = {isa = PBXFileReference; lastKnownFileType = wrapper.framework; name = CoreData.framework; path = System/Library/Frameworks/CoreData.framework; sourceTree = SDKROOT; };
		FC8BCA1218D4256900748335 /* SmileyCollage.xcdatamodel */ = {isa = PBXFileReference; lastKnownFileType = wrapper.xcdatamodel; path = SmileyCollage.xcdatamodel; sourceTree = "<group>"; };
		FC8BCA1418D42E4100748335 /* CPFace.h */ = {isa = PBXFileReference; fileEncoding = 4; lastKnownFileType = sourcecode.c.h; path = CPFace.h; sourceTree = "<group>"; };
		FC8BCA1518D42E4100748335 /* CPFace.m */ = {isa = PBXFileReference; fileEncoding = 4; lastKnownFileType = sourcecode.c.objc; path = CPFace.m; sourceTree = "<group>"; };
		FC8BCA1718D42E4100748335 /* CPPhoto.h */ = {isa = PBXFileReference; fileEncoding = 4; lastKnownFileType = sourcecode.c.h; path = CPPhoto.h; sourceTree = "<group>"; };
		FC8BCA1818D42E4100748335 /* CPPhoto.m */ = {isa = PBXFileReference; fileEncoding = 4; lastKnownFileType = sourcecode.c.objc; path = CPPhoto.m; sourceTree = "<group>"; };
		FC91B5B3190B7BB000FD8D05 /* CPShopViewController.h */ = {isa = PBXFileReference; fileEncoding = 4; lastKnownFileType = sourcecode.c.h; path = CPShopViewController.h; sourceTree = "<group>"; };
		FC91B5B4190B7BB000FD8D05 /* CPShopViewController.m */ = {isa = PBXFileReference; fileEncoding = 4; lastKnownFileType = sourcecode.c.objc; path = CPShopViewController.m; sourceTree = "<group>"; };
		FC91B5B6190BB55900FD8D05 /* CPNavigationController.h */ = {isa = PBXFileReference; fileEncoding = 4; lastKnownFileType = sourcecode.c.h; path = CPNavigationController.h; sourceTree = "<group>"; };
		FC91B5B7190BB55900FD8D05 /* CPNavigationController.m */ = {isa = PBXFileReference; fileEncoding = 4; lastKnownFileType = sourcecode.c.objc; path = CPNavigationController.m; sourceTree = "<group>"; };
		FC92759B18F58CF700031FD0 /* ImageIO.framework */ = {isa = PBXFileReference; lastKnownFileType = wrapper.framework; name = ImageIO.framework; path = System/Library/Frameworks/ImageIO.framework; sourceTree = SDKROOT; };
		FC93443718C363F500657BBC /* CPFacesManager.h */ = {isa = PBXFileReference; fileEncoding = 4; lastKnownFileType = sourcecode.c.h; path = CPFacesManager.h; sourceTree = "<group>"; };
		FC93443818C363F500657BBC /* CPFacesManager.m */ = {isa = PBXFileReference; fileEncoding = 4; lastKnownFileType = sourcecode.c.objc; path = CPFacesManager.m; sourceTree = "<group>"; };
		FC94BD3A190FDD8900E46629 /* CPTouchableView.h */ = {isa = PBXFileReference; fileEncoding = 4; lastKnownFileType = sourcecode.c.h; path = CPTouchableView.h; sourceTree = "<group>"; };
		FC94BD3B190FDD8900E46629 /* CPTouchableView.m */ = {isa = PBXFileReference; fileEncoding = 4; lastKnownFileType = sourcecode.c.objc; path = CPTouchableView.m; sourceTree = "<group>"; };
		FCA292E518FD64AB0029583E /* CPCoreDataTestHelper.h */ = {isa = PBXFileReference; fileEncoding = 4; lastKnownFileType = sourcecode.c.h; path = CPCoreDataTestHelper.h; sourceTree = "<group>"; };
		FCA292E618FD64AB0029583E /* CPCoreDataTestHelper.m */ = {isa = PBXFileReference; fileEncoding = 4; lastKnownFileType = sourcecode.c.objc; path = CPCoreDataTestHelper.m; sourceTree = "<group>"; };
		FCA292E818FD664A0029583E /* CPFaceTests.m */ = {isa = PBXFileReference; fileEncoding = 4; lastKnownFileType = sourcecode.c.objc; path = CPFaceTests.m; sourceTree = "<group>"; };
		FCC2E59418F244AF00D7163F /* CPSettingTests.m */ = {isa = PBXFileReference; fileEncoding = 4; lastKnownFileType = sourcecode.c.objc; path = CPSettingTests.m; sourceTree = "<group>"; };
		FCC2E59718F246EB00D7163F /* CPSettings.h */ = {isa = PBXFileReference; fileEncoding = 4; lastKnownFileType = sourcecode.c.h; path = CPSettings.h; sourceTree = "<group>"; };
		FCC2E59818F246EB00D7163F /* CPSettings.m */ = {isa = PBXFileReference; fileEncoding = 4; lastKnownFileType = sourcecode.c.objc; path = CPSettings.m; sourceTree = "<group>"; };
		FCC3C7F4191DF675005E9320 /* CPPopoverShopViewController.h */ = {isa = PBXFileReference; fileEncoding = 4; lastKnownFileType = sourcecode.c.h; path = CPPopoverShopViewController.h; sourceTree = "<group>"; };
		FCC3C7F5191DF675005E9320 /* CPPopoverShopViewController.m */ = {isa = PBXFileReference; fileEncoding = 4; lastKnownFileType = sourcecode.c.objc; path = CPPopoverShopViewController.m; sourceTree = "<group>"; };
		FCC3C7F8191E0037005E9320 /* CPShopTableViewManager.h */ = {isa = PBXFileReference; fileEncoding = 4; lastKnownFileType = sourcecode.c.h; path = CPShopTableViewManager.h; sourceTree = "<group>"; };
		FCC3C7F9191E0037005E9320 /* CPShopTableViewManager.m */ = {isa = PBXFileReference; fileEncoding = 4; lastKnownFileType = sourcecode.c.objc; path = CPShopTableViewManager.m; sourceTree = "<group>"; };
		FCD844C318C761C3003BA834 /* CoreImage.framework */ = {isa = PBXFileReference; lastKnownFileType = wrapper.framework; name = CoreImage.framework; path = System/Library/Frameworks/CoreImage.framework; sourceTree = SDKROOT; };
		FCF8FE9418C2D016007FA358 /* CPSmileyViewController.h */ = {isa = PBXFileReference; fileEncoding = 4; lastKnownFileType = sourcecode.c.h; path = CPSmileyViewController.h; sourceTree = "<group>"; };
		FCF8FE9518C2D016007FA358 /* CPSmileyViewController.m */ = {isa = PBXFileReference; fileEncoding = 4; lastKnownFileType = sourcecode.c.objc; path = CPSmileyViewController.m; sourceTree = "<group>"; };
		FCF8FE9718C2D542007FA358 /* AssetsLibrary.framework */ = {isa = PBXFileReference; lastKnownFileType = wrapper.framework; name = AssetsLibrary.framework; path = System/Library/Frameworks/AssetsLibrary.framework; sourceTree = SDKROOT; };
		FCF8FE9918C2E09A007FA358 /* CPPhotoCell.h */ = {isa = PBXFileReference; fileEncoding = 4; lastKnownFileType = sourcecode.c.h; path = CPPhotoCell.h; sourceTree = "<group>"; };
		FCF8FE9A18C2E09A007FA358 /* CPPhotoCell.m */ = {isa = PBXFileReference; fileEncoding = 4; lastKnownFileType = sourcecode.c.objc; path = CPPhotoCell.m; sourceTree = "<group>"; };
/* End PBXFileReference section */

/* Begin PBXFrameworksBuildPhase section */
		FC46713918C2CAF600E472BF /* Frameworks */ = {
			isa = PBXFrameworksBuildPhase;
			buildActionMask = 2147483647;
			files = (
				FC56D67D1917C55100E4AC15 /* StoreKit.framework in Frameworks */,
				FC11BBFA190E8C9000C2D7CF /* Accelerate.framework in Frameworks */,
				FC92759C18F58CF700031FD0 /* ImageIO.framework in Frameworks */,
				FC8BCA1018D424F000748335 /* CoreData.framework in Frameworks */,
				FCD844C418C761C3003BA834 /* CoreImage.framework in Frameworks */,
				FCF8FE9C18C2E2B9007FA358 /* AssetsLibrary.framework in Frameworks */,
				FC46714218C2CAF600E472BF /* CoreGraphics.framework in Frameworks */,
				FC46714418C2CAF600E472BF /* UIKit.framework in Frameworks */,
				FC46714018C2CAF600E472BF /* Foundation.framework in Frameworks */,
			);
			runOnlyForDeploymentPostprocessing = 0;
		};
		FC46715D18C2CAF600E472BF /* Frameworks */ = {
			isa = PBXFrameworksBuildPhase;
			buildActionMask = 2147483647;
			files = (
				FC46716218C2CAF600E472BF /* XCTest.framework in Frameworks */,
				FC46716418C2CAF600E472BF /* UIKit.framework in Frameworks */,
				FC46716318C2CAF600E472BF /* Foundation.framework in Frameworks */,
			);
			runOnlyForDeploymentPostprocessing = 0;
		};
/* End PBXFrameworksBuildPhase section */

/* Begin PBXGroup section */
		FC2B287218CC69F50050AD08 /* Transitions */ = {
			isa = PBXGroup;
			children = (
				FC2B287618CC6C300050AD08 /* CPCollageToEditTransition.h */,
				FC2B287718CC6C300050AD08 /* CPCollageToEditTransition.m */,
				FC5704C318F42C6900E373C6 /* CPPortalTransition.h */,
				FC5704C418F42C6900E373C6 /* CPPortalTransition.m */,
				FC5704C618F42CE600E373C6 /* CPReversableTransition.h */,
				FC5704C718F42CE600E373C6 /* CPReversableTransition.m */,
				FC77E72F190BF29F00FC0BBB /* CPShopViewControllerTransition.h */,
				FC77E730190BF29F00FC0BBB /* CPShopViewControllerTransition.m */,
				FC2B287318CC6A960050AD08 /* CPTransitionManager.h */,
				FC2B287418CC6A960050AD08 /* CPTransitionManager.m */,
			);
			name = Transitions;
			sourceTree = "<group>";
		};
		FC46713318C2CAF600E472BF = {
			isa = PBXGroup;
			children = (
				FC46714518C2CAF600E472BF /* SmileyCollage */,
				FC46716718C2CAF600E472BF /* SmileyCollageTests */,
				FC46713E18C2CAF600E472BF /* Frameworks */,
				FC46713D18C2CAF600E472BF /* Products */,
			);
			sourceTree = "<group>";
		};
		FC46713D18C2CAF600E472BF /* Products */ = {
			isa = PBXGroup;
			children = (
				FC46713C18C2CAF600E472BF /* SmileyCollage.app */,
				FC46716018C2CAF600E472BF /* SmileyCollageTests.xctest */,
			);
			name = Products;
			sourceTree = "<group>";
		};
		FC46713E18C2CAF600E472BF /* Frameworks */ = {
			isa = PBXGroup;
			children = (
				FC56D67C1917C55100E4AC15 /* StoreKit.framework */,
				FC11BBF9190E8C9000C2D7CF /* Accelerate.framework */,
				FCF8FE9718C2D542007FA358 /* AssetsLibrary.framework */,
				FC8BCA0F18D424F000748335 /* CoreData.framework */,
				FC46714118C2CAF600E472BF /* CoreGraphics.framework */,
				FCD844C318C761C3003BA834 /* CoreImage.framework */,
				FC46713F18C2CAF600E472BF /* Foundation.framework */,
				FC92759B18F58CF700031FD0 /* ImageIO.framework */,
				FC46714318C2CAF600E472BF /* UIKit.framework */,
				FC46716118C2CAF600E472BF /* XCTest.framework */,
			);
			name = Frameworks;
			sourceTree = "<group>";
		};
		FC46714518C2CAF600E472BF /* SmileyCollage */ = {
			isa = PBXGroup;
			children = (
				FC61A46718DD9390009D9442 /* Collection View Cells */,
				FC46714E18C2CAF600E472BF /* CPAppDelegate.h */,
				FC46714F18C2CAF600E472BF /* CPAppDelegate.m */,
				FC56ED3718E6C49700DFE80C /* CPConfig.h */,
				FC56ED3818E6C49700DFE80C /* CPConfig.m */,
				FCC2E59718F246EB00D7163F /* CPSettings.h */,
				FCC2E59818F246EB00D7163F /* CPSettings.m */,
				FC782A8A18E304B10024C477 /* CPUtility.h */,
				FC782A8B18E304B10024C477 /* CPUtility.m */,
				FC46715A18C2CAF600E472BF /* Images.xcassets */,
				FC60EBC918E1B9C200AD74FB /* Models */,
				FC46715118C2CAF600E472BF /* SmileyCollage.storyboard */,
				FC8BCA1118D4256900748335 /* SmileyCollage.xcdatamodeld */,
				FC46714618C2CAF600E472BF /* Supporting Files */,
				FC2B287218CC69F50050AD08 /* Transitions */,
				FC94BD3D190FDFC100E46629 /* View Controllers */,
				FCC3C7F7191DFFF2005E9320 /* View Managers */,
			);
			path = SmileyCollage;
			sourceTree = "<group>";
		};
		FC46714618C2CAF600E472BF /* Supporting Files */ = {
			isa = PBXGroup;
			children = (
				FC46714818C2CAF600E472BF /* InfoPlist.strings */,
				FC46714B18C2CAF600E472BF /* main.m */,
				FC46714718C2CAF600E472BF /* SmileyCollage-Info.plist */,
				FC46714D18C2CAF600E472BF /* SmileyCollage-Prefix.pch */,
			);
			name = "Supporting Files";
			sourceTree = "<group>";
		};
		FC46716718C2CAF600E472BF /* SmileyCollageTests */ = {
			isa = PBXGroup;
			children = (
				FC1A3A3518DB2875004E4C38 /* CPCollageViewControllerTests.m */,
				FCA292E518FD64AB0029583E /* CPCoreDataTestHelper.h */,
				FCA292E618FD64AB0029583E /* CPCoreDataTestHelper.m */,
				FCA292E818FD664A0029583E /* CPFaceTests.m */,
				FC78E36018FAD42400CD0F07 /* CPPhotoTests.m */,
				FCC2E59418F244AF00D7163F /* CPSettingTests.m */,
				FC46716818C2CAF600E472BF /* Supporting Files */,
			);
			path = SmileyCollageTests;
			sourceTree = "<group>";
		};
		FC46716818C2CAF600E472BF /* Supporting Files */ = {
			isa = PBXGroup;
			children = (
				FC46716918C2CAF600E472BF /* SmileyCollageTests-Info.plist */,
				FC46716A18C2CAF600E472BF /* InfoPlist.strings */,
			);
			name = "Supporting Files";
			sourceTree = "<group>";
		};
		FC60EBC918E1B9C200AD74FB /* Models */ = {
			isa = PBXGroup;
			children = (
				FC5E8F6018E45DA20012EB59 /* CPCleanupOperation.h */,
				FC5E8F6118E45DA20012EB59 /* CPCleanupOperation.m */,
				FC60EBCA18E1BD8E00AD74FB /* CPCoreDataOperation.h */,
				FC60EBCB18E1BD8E00AD74FB /* CPCoreDataOperation.m */,
				FC8BCA1418D42E4100748335 /* CPFace.h */,
				FC8BCA1518D42E4100748335 /* CPFace.m */,
				FC60EBCD18E1C10B00AD74FB /* CPFaceDetectOperation.h */,
				FC60EBCE18E1C10B00AD74FB /* CPFaceDetectOperation.m */,
				FC58103018DDD06100B6BE03 /* CPFaceEditInformation.h */,
				FC58103118DDD06100B6BE03 /* CPFaceEditInformation.m */,
				FC93443718C363F500657BBC /* CPFacesManager.h */,
				FC93443818C363F500657BBC /* CPFacesManager.m */,
				FC8BCA1718D42E4100748335 /* CPPhoto.h */,
				FC8BCA1818D42E4100748335 /* CPPhoto.m */,
			);
			name = Models;
			sourceTree = "<group>";
		};
		FC61A46718DD9390009D9442 /* Collection View Cells */ = {
			isa = PBXGroup;
			children = (
				FC61A46B18DD94A3009D9442 /* CPCollageCell.h */,
				FC61A46C18DD94A3009D9442 /* CPCollageCell.m */,
				FCF8FE9918C2E09A007FA358 /* CPPhotoCell.h */,
				FCF8FE9A18C2E09A007FA358 /* CPPhotoCell.m */,
			);
			name = "Collection View Cells";
			sourceTree = "<group>";
		};
		FC94BD3D190FDFC100E46629 /* View Controllers */ = {
			isa = PBXGroup;
			children = (
				FC80EC6218C9F5D2008E83B6 /* CPCollageViewController.h */,
				FC80EC6318C9F5D2008E83B6 /* CPCollageViewController.m */,
				FC80EC6818C9FD7B008E83B6 /* CPEditViewController.h */,
				FC80EC6918C9FD7B008E83B6 /* CPEditViewController.m */,
				FC91B5B6190BB55900FD8D05 /* CPNavigationController.h */,
				FC91B5B7190BB55900FD8D05 /* CPNavigationController.m */,
				FCC3C7F4191DF675005E9320 /* CPPopoverShopViewController.h */,
				FCC3C7F5191DF675005E9320 /* CPPopoverShopViewController.m */,
				FC91B5B3190B7BB000FD8D05 /* CPShopViewController.h */,
				FC91B5B4190B7BB000FD8D05 /* CPShopViewController.m */,
				FCF8FE9418C2D016007FA358 /* CPSmileyViewController.h */,
				FCF8FE9518C2D016007FA358 /* CPSmileyViewController.m */,
			);
			name = "View Controllers";
			sourceTree = "<group>";
		};
		FCC3C7F7191DFFF2005E9320 /* View Managers */ = {
			isa = PBXGroup;
			children = (
				FC80A0C6190158D7003B278E /* CPHelpViewManager.h */,
				FC80A0C7190158D7003B278E /* CPHelpViewManager.m */,
				FCC3C7F8191E0037005E9320 /* CPShopTableViewManager.h */,
				FCC3C7F9191E0037005E9320 /* CPShopTableViewManager.m */,
				FC94BD3A190FDD8900E46629 /* CPTouchableView.h */,
				FC94BD3B190FDD8900E46629 /* CPTouchableView.m */,
			);
			name = "View Managers";
			sourceTree = "<group>";
		};
/* End PBXGroup section */

/* Begin PBXNativeTarget section */
		FC46713B18C2CAF600E472BF /* SmileyCollage */ = {
			isa = PBXNativeTarget;
			buildConfigurationList = FC46717118C2CAF600E472BF /* Build configuration list for PBXNativeTarget "SmileyCollage" */;
			buildPhases = (
				FC46713818C2CAF600E472BF /* Sources */,
				FC46713918C2CAF600E472BF /* Frameworks */,
				FC46713A18C2CAF600E472BF /* Resources */,
			);
			buildRules = (
			);
			dependencies = (
			);
			name = SmileyCollage;
			productName = Smiley;
			productReference = FC46713C18C2CAF600E472BF /* SmileyCollage.app */;
			productType = "com.apple.product-type.application";
		};
		FC46715F18C2CAF600E472BF /* SmileyCollageTests */ = {
			isa = PBXNativeTarget;
			buildConfigurationList = FC46717418C2CAF600E472BF /* Build configuration list for PBXNativeTarget "SmileyCollageTests" */;
			buildPhases = (
				FC46715C18C2CAF600E472BF /* Sources */,
				FC46715D18C2CAF600E472BF /* Frameworks */,
				FC46715E18C2CAF600E472BF /* Resources */,
			);
			buildRules = (
			);
			dependencies = (
				FC46716618C2CAF600E472BF /* PBXTargetDependency */,
			);
			name = SmileyCollageTests;
			productName = SmileyTests;
			productReference = FC46716018C2CAF600E472BF /* SmileyCollageTests.xctest */;
			productType = "com.apple.product-type.bundle.unit-test";
		};
/* End PBXNativeTarget section */

/* Begin PBXProject section */
		FC46713418C2CAF600E472BF /* Project object */ = {
			isa = PBXProject;
			attributes = {
				CLASSPREFIX = CP;
				LastUpgradeCheck = 0510;
				ORGANIZATIONNAME = codingpotato;
				TargetAttributes = {
					FC46713B18C2CAF600E472BF = {
						DevelopmentTeam = FY635R7KCK;
						SystemCapabilities = {
							com.apple.InAppPurchase = {
								enabled = 1;
							};
						};
					};
				};
			};
			buildConfigurationList = FC46713718C2CAF600E472BF /* Build configuration list for PBXProject "SmileyCollage" */;
			compatibilityVersion = "Xcode 3.2";
			developmentRegion = English;
			hasScannedForEncodings = 0;
			knownRegions = (
				en,
				Base,
			);
			mainGroup = FC46713318C2CAF600E472BF;
			productRefGroup = FC46713D18C2CAF600E472BF /* Products */;
			projectDirPath = "";
			projectRoot = "";
			targets = (
				FC46713B18C2CAF600E472BF /* SmileyCollage */,
				FC46715F18C2CAF600E472BF /* SmileyCollageTests */,
			);
		};
/* End PBXProject section */

/* Begin PBXResourcesBuildPhase section */
		FC46713A18C2CAF600E472BF /* Resources */ = {
			isa = PBXResourcesBuildPhase;
			buildActionMask = 2147483647;
			files = (
				FC46715B18C2CAF600E472BF /* Images.xcassets in Resources */,
				FC46715318C2CAF600E472BF /* SmileyCollage.storyboard in Resources */,
				FC46714A18C2CAF600E472BF /* InfoPlist.strings in Resources */,
			);
			runOnlyForDeploymentPostprocessing = 0;
		};
		FC46715E18C2CAF600E472BF /* Resources */ = {
			isa = PBXResourcesBuildPhase;
			buildActionMask = 2147483647;
			files = (
				FC46716C18C2CAF600E472BF /* InfoPlist.strings in Resources */,
			);
			runOnlyForDeploymentPostprocessing = 0;
		};
/* End PBXResourcesBuildPhase section */

/* Begin PBXSourcesBuildPhase section */
		FC46713818C2CAF600E472BF /* Sources */ = {
			isa = PBXSourcesBuildPhase;
			buildActionMask = 2147483647;
			files = (
				FC60EBCF18E1C10B00AD74FB /* CPFaceDetectOperation.m in Sources */,
				FC8BCA1918D42E4100748335 /* CPPhoto.m in Sources */,
				FC5704C818F42CE600E373C6 /* CPReversableTransition.m in Sources */,
				FC782A8C18E304B10024C477 /* CPUtility.m in Sources */,
				FC58103218DDD06100B6BE03 /* CPFaceEditInformation.m in Sources */,
				FCC3C7FA191E0037005E9320 /* CPShopTableViewManager.m in Sources */,
				FCC2E59918F246EB00D7163F /* CPSettings.m in Sources */,
				FC46714C18C2CAF600E472BF /* main.m in Sources */,
				FC80A0C8190158D7003B278E /* CPHelpViewManager.m in Sources */,
				FCC3C7F6191DF675005E9320 /* CPPopoverShopViewController.m in Sources */,
				FC80EC6418C9F5D2008E83B6 /* CPCollageViewController.m in Sources */,
				FC91B5B5190B7BB000FD8D05 /* CPShopViewController.m in Sources */,
				FC77E731190BF29F00FC0BBB /* CPShopViewControllerTransition.m in Sources */,
				FC8BCA1318D4256900748335 /* SmileyCollage.xcdatamodeld in Sources */,
				FCF8FE9B18C2E09A007FA358 /* CPPhotoCell.m in Sources */,
				FC80EC6A18C9FD7B008E83B6 /* CPEditViewController.m in Sources */,
				FC2B287518CC6A960050AD08 /* CPTransitionManager.m in Sources */,
				FC5E8F6218E45DA20012EB59 /* CPCleanupOperation.m in Sources */,
				FC46715018C2CAF600E472BF /* CPAppDelegate.m in Sources */,
				FC2B287818CC6C300050AD08 /* CPCollageToEditTransition.m in Sources */,
				FC61A46D18DD94A3009D9442 /* CPCollageCell.m in Sources */,
				FC91B5B8190BB55900FD8D05 /* CPNavigationController.m in Sources */,
				FC60EBCC18E1BD8E00AD74FB /* CPCoreDataOperation.m in Sources */,
				FC5704C518F42C6900E373C6 /* CPPortalTransition.m in Sources */,
				FC8BCA1618D42E4100748335 /* CPFace.m in Sources */,
				FCF8FE9618C2D016007FA358 /* CPSmileyViewController.m in Sources */,
				FC56ED3918E6C49700DFE80C /* CPConfig.m in Sources */,
				FC94BD3C190FDD8900E46629 /* CPTouchableView.m in Sources */,
				FC93443918C363F500657BBC /* CPFacesManager.m in Sources */,
			);
			runOnlyForDeploymentPostprocessing = 0;
		};
		FC46715C18C2CAF600E472BF /* Sources */ = {
			isa = PBXSourcesBuildPhase;
			buildActionMask = 2147483647;
			files = (
				FC78E36218FAD4D000CD0F07 /* CPUtility.m in Sources */,
				FC1A3A3618DB2875004E4C38 /* CPCollageViewControllerTests.m in Sources */,
				FCC2E59A18F2471500D7163F /* CPSettings.m in Sources */,
				FCC2E58C18F2392000D7163F /* CPCollageViewController.m in Sources */,
				FCA292E918FD664A0029583E /* CPFaceTests.m in Sources */,
				FC78E36118FAD42400CD0F07 /* CPPhotoTests.m in Sources */,
				FCC2E58D18F2392600D7163F /* CPFaceEditInformation.m in Sources */,
				FCC2E59518F244AF00D7163F /* CPSettingTests.m in Sources */,
				FCA292E718FD64AB0029583E /* CPCoreDataTestHelper.m in Sources */,
			);
			runOnlyForDeploymentPostprocessing = 0;
		};
/* End PBXSourcesBuildPhase section */

/* Begin PBXTargetDependency section */
		FC46716618C2CAF600E472BF /* PBXTargetDependency */ = {
			isa = PBXTargetDependency;
			target = FC46713B18C2CAF600E472BF /* SmileyCollage */;
			targetProxy = FC46716518C2CAF600E472BF /* PBXContainerItemProxy */;
		};
/* End PBXTargetDependency section */

/* Begin PBXVariantGroup section */
		FC46714818C2CAF600E472BF /* InfoPlist.strings */ = {
			isa = PBXVariantGroup;
			children = (
				FC46714918C2CAF600E472BF /* en */,
			);
			name = InfoPlist.strings;
			sourceTree = "<group>";
		};
		FC46715118C2CAF600E472BF /* SmileyCollage.storyboard */ = {
			isa = PBXVariantGroup;
			children = (
				FC46715218C2CAF600E472BF /* Base */,
			);
			name = SmileyCollage.storyboard;
			sourceTree = "<group>";
		};
		FC46716A18C2CAF600E472BF /* InfoPlist.strings */ = {
			isa = PBXVariantGroup;
			children = (
				FC46716B18C2CAF600E472BF /* en */,
			);
			name = InfoPlist.strings;
			sourceTree = "<group>";
		};
/* End PBXVariantGroup section */

/* Begin XCBuildConfiguration section */
		FC46716F18C2CAF600E472BF /* Debug */ = {
			isa = XCBuildConfiguration;
			buildSettings = {
				ALWAYS_SEARCH_USER_PATHS = NO;
				CLANG_CXX_LANGUAGE_STANDARD = "gnu++0x";
				CLANG_CXX_LIBRARY = "libc++";
				CLANG_ENABLE_MODULES = YES;
				CLANG_ENABLE_OBJC_ARC = YES;
				CLANG_WARN_BOOL_CONVERSION = YES;
				CLANG_WARN_CONSTANT_CONVERSION = YES;
				CLANG_WARN_DIRECT_OBJC_ISA_USAGE = YES_ERROR;
				CLANG_WARN_EMPTY_BODY = YES;
				CLANG_WARN_ENUM_CONVERSION = YES;
				CLANG_WARN_INT_CONVERSION = YES;
				CLANG_WARN_OBJC_ROOT_CLASS = YES_ERROR;
				CLANG_WARN__DUPLICATE_METHOD_MATCH = YES;
				"CODE_SIGN_IDENTITY[sdk=iphoneos*]" = "iPhone Developer";
				COPY_PHASE_STRIP = NO;
				GCC_C_LANGUAGE_STANDARD = gnu99;
				GCC_DYNAMIC_NO_PIC = NO;
				GCC_OPTIMIZATION_LEVEL = 0;
				GCC_PREPROCESSOR_DEFINITIONS = (
					"DEBUG=1",
					"$(inherited)",
				);
				GCC_SYMBOLS_PRIVATE_EXTERN = NO;
				GCC_WARN_64_TO_32_BIT_CONVERSION = YES;
				GCC_WARN_ABOUT_RETURN_TYPE = YES_ERROR;
				GCC_WARN_UNDECLARED_SELECTOR = YES;
				GCC_WARN_UNINITIALIZED_AUTOS = YES;
				GCC_WARN_UNUSED_FUNCTION = YES;
				GCC_WARN_UNUSED_VARIABLE = YES;
				IPHONEOS_DEPLOYMENT_TARGET = 7.0;
				ONLY_ACTIVE_ARCH = YES;
				SDKROOT = iphoneos;
				TARGETED_DEVICE_FAMILY = "1,2";
			};
			name = Debug;
		};
		FC46717018C2CAF600E472BF /* Release */ = {
			isa = XCBuildConfiguration;
			buildSettings = {
				ALWAYS_SEARCH_USER_PATHS = NO;
				CLANG_CXX_LANGUAGE_STANDARD = "gnu++0x";
				CLANG_CXX_LIBRARY = "libc++";
				CLANG_ENABLE_MODULES = YES;
				CLANG_ENABLE_OBJC_ARC = YES;
				CLANG_WARN_BOOL_CONVERSION = YES;
				CLANG_WARN_CONSTANT_CONVERSION = YES;
				CLANG_WARN_DIRECT_OBJC_ISA_USAGE = YES_ERROR;
				CLANG_WARN_EMPTY_BODY = YES;
				CLANG_WARN_ENUM_CONVERSION = YES;
				CLANG_WARN_INT_CONVERSION = YES;
				CLANG_WARN_OBJC_ROOT_CLASS = YES_ERROR;
				CLANG_WARN__DUPLICATE_METHOD_MATCH = YES;
				"CODE_SIGN_IDENTITY[sdk=iphoneos*]" = "iPhone Developer";
				COPY_PHASE_STRIP = YES;
				ENABLE_NS_ASSERTIONS = NO;
				GCC_C_LANGUAGE_STANDARD = gnu99;
				GCC_WARN_64_TO_32_BIT_CONVERSION = YES;
				GCC_WARN_ABOUT_RETURN_TYPE = YES_ERROR;
				GCC_WARN_UNDECLARED_SELECTOR = YES;
				GCC_WARN_UNINITIALIZED_AUTOS = YES;
				GCC_WARN_UNUSED_FUNCTION = YES;
				GCC_WARN_UNUSED_VARIABLE = YES;
				IPHONEOS_DEPLOYMENT_TARGET = 7.0;
				SDKROOT = iphoneos;
				TARGETED_DEVICE_FAMILY = "1,2";
				VALIDATE_PRODUCT = YES;
			};
			name = Release;
		};
		FC46717218C2CAF600E472BF /* Debug */ = {
			isa = XCBuildConfiguration;
			buildSettings = {
				ASSETCATALOG_COMPILER_APPICON_NAME = AppIcon;
				ASSETCATALOG_COMPILER_LAUNCHIMAGE_NAME = LaunchImage;
				CODE_SIGN_IDENTITY = "iPhone Developer";
				"CODE_SIGN_IDENTITY[sdk=iphoneos*]" = "iPhone Developer";
				GCC_PRECOMPILE_PREFIX_HEADER = YES;
				GCC_PREFIX_HEADER = "SmileyCollage/SmileyCollage-Prefix.pch";
				INFOPLIST_FILE = "SmileyCollage/SmileyCollage-Info.plist";
				PRODUCT_NAME = SmileyCollage;
				PROVISIONING_PROFILE = "";
				WRAPPER_EXTENSION = app;
			};
			name = Debug;
		};
		FC46717318C2CAF600E472BF /* Release */ = {
			isa = XCBuildConfiguration;
			buildSettings = {
				ASSETCATALOG_COMPILER_APPICON_NAME = AppIcon;
				ASSETCATALOG_COMPILER_LAUNCHIMAGE_NAME = LaunchImage;
				CODE_SIGN_IDENTITY = "iPhone Developer";
				"CODE_SIGN_IDENTITY[sdk=iphoneos*]" = "iPhone Developer";
				GCC_PRECOMPILE_PREFIX_HEADER = YES;
				GCC_PREFIX_HEADER = "SmileyCollage/SmileyCollage-Prefix.pch";
				INFOPLIST_FILE = "SmileyCollage/SmileyCollage-Info.plist";
				PRODUCT_NAME = SmileyCollage;
				PROVISIONING_PROFILE = "";
				WRAPPER_EXTENSION = app;
			};
			name = Release;
		};
		FC46717518C2CAF600E472BF /* Debug */ = {
			isa = XCBuildConfiguration;
			buildSettings = {
				BUNDLE_LOADER = "$(BUILT_PRODUCTS_DIR)/SmileyCollage.app/SmileyCollage";
				FRAMEWORK_SEARCH_PATHS = (
					"$(SDKROOT)/Developer/Library/Frameworks",
					"$(inherited)",
					"$(DEVELOPER_FRAMEWORKS_DIR)",
				);
				GCC_PRECOMPILE_PREFIX_HEADER = YES;
				GCC_PREFIX_HEADER = "SmileyCollage/SmileyCollage-Prefix.pch";
				GCC_PREPROCESSOR_DEFINITIONS = (
					"DEBUG=1",
					"$(inherited)",
				);
				INFOPLIST_FILE = "SmileyCollageTests/SmileyCollageTests-Info.plist";
				PRODUCT_NAME = SmileyCollageTests;
				TEST_HOST = "$(BUNDLE_LOADER)\n\n";
				WRAPPER_EXTENSION = xctest;
			};
			name = Debug;
		};
		FC46717618C2CAF600E472BF /* Release */ = {
			isa = XCBuildConfiguration;
			buildSettings = {
				BUNDLE_LOADER = "$(BUILT_PRODUCTS_DIR)/SmileyCollage.app/SmileyCollage";
				FRAMEWORK_SEARCH_PATHS = (
					"$(SDKROOT)/Developer/Library/Frameworks",
					"$(inherited)",
					"$(DEVELOPER_FRAMEWORKS_DIR)",
				);
				GCC_PRECOMPILE_PREFIX_HEADER = YES;
				GCC_PREFIX_HEADER = "SmileyCollage/SmileyCollage-Prefix.pch";
				INFOPLIST_FILE = "SmileyCollageTests/SmileyCollageTests-Info.plist";
				PRODUCT_NAME = SmileyCollageTests;
				TEST_HOST = "$(BUNDLE_LOADER)\n\n";
				WRAPPER_EXTENSION = xctest;
			};
			name = Release;
		};
/* End XCBuildConfiguration section */

/* Begin XCConfigurationList section */
		FC46713718C2CAF600E472BF /* Build configuration list for PBXProject "SmileyCollage" */ = {
			isa = XCConfigurationList;
			buildConfigurations = (
				FC46716F18C2CAF600E472BF /* Debug */,
				FC46717018C2CAF600E472BF /* Release */,
			);
			defaultConfigurationIsVisible = 0;
			defaultConfigurationName = Release;
		};
		FC46717118C2CAF600E472BF /* Build configuration list for PBXNativeTarget "SmileyCollage" */ = {
			isa = XCConfigurationList;
			buildConfigurations = (
				FC46717218C2CAF600E472BF /* Debug */,
				FC46717318C2CAF600E472BF /* Release */,
			);
			defaultConfigurationIsVisible = 0;
			defaultConfigurationName = Release;
		};
		FC46717418C2CAF600E472BF /* Build configuration list for PBXNativeTarget "SmileyCollageTests" */ = {
			isa = XCConfigurationList;
			buildConfigurations = (
				FC46717518C2CAF600E472BF /* Debug */,
				FC46717618C2CAF600E472BF /* Release */,
			);
			defaultConfigurationIsVisible = 0;
			defaultConfigurationName = Release;
		};
/* End XCConfigurationList section */

/* Begin XCVersionGroup section */
		FC8BCA1118D4256900748335 /* SmileyCollage.xcdatamodeld */ = {
			isa = XCVersionGroup;
			children = (
				FC8BCA1218D4256900748335 /* SmileyCollage.xcdatamodel */,
			);
			currentVersion = FC8BCA1218D4256900748335 /* SmileyCollage.xcdatamodel */;
			path = SmileyCollage.xcdatamodeld;
			sourceTree = "<group>";
			versionGroupType = wrapper.xcdatamodel;
		};
/* End XCVersionGroup section */
	};
	rootObject = FC46713418C2CAF600E472BF /* Project object */;
}
